
Microsoft Visual Studio Solution File, Format Version 12.00
# Visual Studio Version 17
VisualStudioVersion = 17.7.34024.191
MinimumVisualStudioVersion = 10.0.40219.1
Project("{FAE04EC0-301F-11D3-BF4B-00C04F79EFBC}") = "NwindMVC", "NwindMVC.csproj", "{9ABC4875-EA78-4B32-9934-64C755076A70}"
EndProject
Global
	GlobalSection(SolutionConfigurationPlatforms) = preSolution
		Debug|Any CPU = Debug|Any CPU
		Release|Any CPU = Release|Any CPU
	EndGlobalSection
	GlobalSection(ProjectConfigurationPlatforms) = postSolution
		{9ABC4875-EA78-4B32-9934-64C755076A70}.Debug|Any CPU.ActiveCfg = Debug|Any CPU
		{9ABC4875-EA78-4B32-9934-64C755076A70}.Debug|Any CPU.Build.0 = Debug|Any CPU
		{9ABC4875-EA78-4B32-9934-64C755076A70}.Release|Any CPU.ActiveCfg = Release|Any CPU
		{9ABC4875-EA78-4B32-9934-64C755076A70}.Release|Any CPU.Build.0 = Release|Any CPU
	EndGlobalSection
	GlobalSection(SolutionProperties) = preSolution
		HideSolutionNode = FALSE
	EndGlobalSection
	GlobalSection(ExtensibilityGlobals) = postSolution
		SolutionGuid = {368C8DA8-84C7-4515-9545-6DB07848D67A}
	EndGlobalSection
EndGlobal
