
Microsoft Visual Studio Solution File, Format Version 12.00
# Visual Studio Version 17
VisualStudioVersion = 17.7.34024.191
MinimumVisualStudioVersion = 10.0.40219.1
Project("{FAE04EC0-301F-11D3-BF4B-00C04F79EFBC}") = "MVCEFApp", "MVCEFApp.csproj", "{B8DDD1DB-0DAC-43EF-941C-DA4E10F5DC70}"
EndProject
Global
	GlobalSection(SolutionConfigurationPlatforms) = preSolution
		Debug|Any CPU = Debug|Any CPU
		Release|Any CPU = Release|Any CPU
	EndGlobalSection
	GlobalSection(ProjectConfigurationPlatforms) = postSolution
		{B8DDD1DB-0DAC-43EF-941C-DA4E10F5DC70}.Debug|Any CPU.ActiveCfg = Debug|Any CPU
		{B8DDD1DB-0DAC-43EF-941C-DA4E10F5DC70}.Debug|Any CPU.Build.0 = Debug|Any CPU
		{B8DDD1DB-0DAC-43EF-941C-DA4E10F5DC70}.Release|Any CPU.ActiveCfg = Release|Any CPU
		{B8DDD1DB-0DAC-43EF-941C-DA4E10F5DC70}.Release|Any CPU.Build.0 = Release|Any CPU
	EndGlobalSection
	GlobalSection(SolutionProperties) = preSolution
		HideSolutionNode = FALSE
	EndGlobalSection
	GlobalSection(ExtensibilityGlobals) = postSolution
		SolutionGuid = {870E4BB0-7FA1-4AF1-9174-EEF4785530CA}
	EndGlobalSection
EndGlobal
