
Microsoft Visual Studio Solution File, Format Version 12.00
# Visual Studio Version 17
VisualStudioVersion = 17.7.34024.191
MinimumVisualStudioVersion = 10.0.40219.1
Project("{9A19103F-16F7-4668-BE54-9A1E7A4F7556}") = "LessonA", "LessonA.csproj", "{52C7CC56-DDDC-461E-96E0-D3CA2C6753A8}"
EndProject
Project("{9A19103F-16F7-4668-BE54-9A1E7A4F7556}") = "LibraryA", "..\LibraryA\LibraryA.csproj", "{C54EDB9B-C77C-4370-A1E2-27B6058299FF}"
EndProject
Project("{9A19103F-16F7-4668-BE54-9A1E7A4F7556}") = "ClientAppConsole", "..\ClientAppConsole\ClientAppConsole.csproj", "{2AE134E9-3E0D-475D-A013-5D61BECA410A}"
EndProject
Global
	GlobalSection(SolutionConfigurationPlatforms) = preSolution
		Debug|Any CPU = Debug|Any CPU
		Release|Any CPU = Release|Any CPU
	EndGlobalSection
	GlobalSection(ProjectConfigurationPlatforms) = postSolution
		{52C7CC56-DDDC-461E-96E0-D3CA2C6753A8}.Debug|Any CPU.ActiveCfg = Debug|Any CPU
		{52C7CC56-DDDC-461E-96E0-D3CA2C6753A8}.Debug|Any CPU.Build.0 = Debug|Any CPU
		{52C7CC56-DDDC-461E-96E0-D3CA2C6753A8}.Release|Any CPU.ActiveCfg = Release|Any CPU
		{52C7CC56-DDDC-461E-96E0-D3CA2C6753A8}.Release|Any CPU.Build.0 = Release|Any CPU
		{C54EDB9B-C77C-4370-A1E2-27B6058299FF}.Debug|Any CPU.ActiveCfg = Debug|Any CPU
		{C54EDB9B-C77C-4370-A1E2-27B6058299FF}.Debug|Any CPU.Build.0 = Debug|Any CPU
		{C54EDB9B-C77C-4370-A1E2-27B6058299FF}.Release|Any CPU.ActiveCfg = Release|Any CPU
		{C54EDB9B-C77C-4370-A1E2-27B6058299FF}.Release|Any CPU.Build.0 = Release|Any CPU
		{2AE134E9-3E0D-475D-A013-5D61BECA410A}.Debug|Any CPU.ActiveCfg = Debug|Any CPU
		{2AE134E9-3E0D-475D-A013-5D61BECA410A}.Debug|Any CPU.Build.0 = Debug|Any CPU
		{2AE134E9-3E0D-475D-A013-5D61BECA410A}.Release|Any CPU.ActiveCfg = Release|Any CPU
		{2AE134E9-3E0D-475D-A013-5D61BECA410A}.Release|Any CPU.Build.0 = Release|Any CPU
	EndGlobalSection
	GlobalSection(SolutionProperties) = preSolution
		HideSolutionNode = FALSE
	EndGlobalSection
	GlobalSection(ExtensibilityGlobals) = postSolution
		SolutionGuid = {EACC99A1-E493-40CF-A0C9-A473F0FB3396}
	EndGlobalSection
EndGlobal
